
Microsoft Visual Studio Solution File, Format Version 12.00
# Visual Studio Version 16
VisualStudioVersion = 16.0.31105.61
MinimumVisualStudioVersion = 10.0.40219.1
Project("{FAE04EC0-301F-11D3-BF4B-00C04F79EFBC}") = "PokerProject", "PokerProject.csproj", "{EB69A6E9-4683-4D8F-A536-6E498868C8F2}"
EndProject
Global
	GlobalSection(SolutionConfigurationPlatforms) = preSolution
		Debug|Any CPU = Debug|Any CPU
		Release|Any CPU = Release|Any CPU
	EndGlobalSection
	GlobalSection(ProjectConfigurationPlatforms) = postSolution
		{EB69A6E9-4683-4D8F-A536-6E498868C8F2}.Debug|Any CPU.ActiveCfg = Debug|Any CPU
		{EB69A6E9-4683-4D8F-A536-6E498868C8F2}.Debug|Any CPU.Build.0 = Debug|Any CPU
		{EB69A6E9-4683-4D8F-A536-6E498868C8F2}.Release|Any CPU.ActiveCfg = Release|Any CPU
		{EB69A6E9-4683-4D8F-A536-6E498868C8F2}.Release|Any CPU.Build.0 = Release|Any CPU
	EndGlobalSection
	GlobalSection(SolutionProperties) = preSolution
		HideSolutionNode = FALSE
	EndGlobalSection
	GlobalSection(ExtensibilityGlobals) = postSolution
		SolutionGuid = {766D8DC6-F739-4F7C-9B8C-12CDB75CE2CD}
	EndGlobalSection
EndGlobal
